
Microsoft Visual Studio Solution File, Format Version 12.00
# Visual Studio 14
VisualStudioVersion = 14.0.25420.1
MinimumVisualStudioVersion = 10.0.40219.1
Project("{FAE04EC0-301F-11D3-BF4B-00C04F79EFBC}") = "Glossary", "Glossary\Glossary.csproj", "{FA5719F6-D037-4913-A2A2-7E4EE0BDE6EC}"
EndProject
Project("{FAE04EC0-301F-11D3-BF4B-00C04F79EFBC}") = "Glossary.Terms", "Glossary.Terms\Glossary.Terms.csproj", "{77C194F5-AD0D-49AF-9FAE-44A710E68085}"
EndProject
Project("{FAE04EC0-301F-11D3-BF4B-00C04F79EFBC}") = "Glossary.Terms.Internal", "Glossary.Terms.Internal\Glossary.Terms.Internal.csproj", "{9B013EBF-B40F-44D2-8E08-518D47433E7F}"
EndProject
Project("{FAE04EC0-301F-11D3-BF4B-00C04F79EFBC}") = "Glossary.Common", "Glossary.Common\Glossary.Common.csproj", "{CE77E1C6-34BA-4C3F-A216-0B8C964178FC}"
EndProject
Project("{FAE04EC0-301F-11D3-BF4B-00C04F79EFBC}") = "Glossary.Terms.Internal.Tests", "Glossary.Terms.Internal.Tests\Glossary.Terms.Internal.Tests.csproj", "{175FEE97-45A8-4329-914D-6D821A8CC36F}"
EndProject
Project("{FAE04EC0-301F-11D3-BF4B-00C04F79EFBC}") = "Glossary.Common.Tests", "Glossary.Common.Tests\Glossary.Common.Tests.csproj", "{FFC54F0F-E72C-42DB-A459-ABE79C0DAA73}"
EndProject
Project("{2150E333-8FDC-42A3-9474-1A3956D46DE8}") = "Tests", "Tests", "{59971521-FED4-4B6B-B761-D89B34C518C4}"
EndProject
Project("{FAE04EC0-301F-11D3-BF4B-00C04F79EFBC}") = "Glossary.Terms.Tests", "Glossary.Terms.Tests\Glossary.Terms.Tests.csproj", "{91F22CA2-F95E-43BF-A471-02CB90FAF7BE}"
EndProject
Global
	GlobalSection(SolutionConfigurationPlatforms) = preSolution
		Debug|Any CPU = Debug|Any CPU
		Release|Any CPU = Release|Any CPU
	EndGlobalSection
	GlobalSection(ProjectConfigurationPlatforms) = postSolution
		{FA5719F6-D037-4913-A2A2-7E4EE0BDE6EC}.Debug|Any CPU.ActiveCfg = Debug|Any CPU
		{FA5719F6-D037-4913-A2A2-7E4EE0BDE6EC}.Debug|Any CPU.Build.0 = Debug|Any CPU
		{FA5719F6-D037-4913-A2A2-7E4EE0BDE6EC}.Release|Any CPU.ActiveCfg = Release|Any CPU
		{FA5719F6-D037-4913-A2A2-7E4EE0BDE6EC}.Release|Any CPU.Build.0 = Release|Any CPU
		{77C194F5-AD0D-49AF-9FAE-44A710E68085}.Debug|Any CPU.ActiveCfg = Debug|Any CPU
		{77C194F5-AD0D-49AF-9FAE-44A710E68085}.Debug|Any CPU.Build.0 = Debug|Any CPU
		{77C194F5-AD0D-49AF-9FAE-44A710E68085}.Release|Any CPU.ActiveCfg = Release|Any CPU
		{77C194F5-AD0D-49AF-9FAE-44A710E68085}.Release|Any CPU.Build.0 = Release|Any CPU
		{9B013EBF-B40F-44D2-8E08-518D47433E7F}.Debug|Any CPU.ActiveCfg = Debug|Any CPU
		{9B013EBF-B40F-44D2-8E08-518D47433E7F}.Debug|Any CPU.Build.0 = Debug|Any CPU
		{9B013EBF-B40F-44D2-8E08-518D47433E7F}.Release|Any CPU.ActiveCfg = Release|Any CPU
		{9B013EBF-B40F-44D2-8E08-518D47433E7F}.Release|Any CPU.Build.0 = Release|Any CPU
		{CE77E1C6-34BA-4C3F-A216-0B8C964178FC}.Debug|Any CPU.ActiveCfg = Debug|Any CPU
		{CE77E1C6-34BA-4C3F-A216-0B8C964178FC}.Debug|Any CPU.Build.0 = Debug|Any CPU
		{CE77E1C6-34BA-4C3F-A216-0B8C964178FC}.Release|Any CPU.ActiveCfg = Release|Any CPU
		{CE77E1C6-34BA-4C3F-A216-0B8C964178FC}.Release|Any CPU.Build.0 = Release|Any CPU
		{175FEE97-45A8-4329-914D-6D821A8CC36F}.Debug|Any CPU.ActiveCfg = Debug|Any CPU
		{175FEE97-45A8-4329-914D-6D821A8CC36F}.Debug|Any CPU.Build.0 = Debug|Any CPU
		{175FEE97-45A8-4329-914D-6D821A8CC36F}.Release|Any CPU.ActiveCfg = Release|Any CPU
		{175FEE97-45A8-4329-914D-6D821A8CC36F}.Release|Any CPU.Build.0 = Release|Any CPU
		{FFC54F0F-E72C-42DB-A459-ABE79C0DAA73}.Debug|Any CPU.ActiveCfg = Debug|Any CPU
		{FFC54F0F-E72C-42DB-A459-ABE79C0DAA73}.Debug|Any CPU.Build.0 = Debug|Any CPU
		{FFC54F0F-E72C-42DB-A459-ABE79C0DAA73}.Release|Any CPU.ActiveCfg = Release|Any CPU
		{FFC54F0F-E72C-42DB-A459-ABE79C0DAA73}.Release|Any CPU.Build.0 = Release|Any CPU
		{91F22CA2-F95E-43BF-A471-02CB90FAF7BE}.Debug|Any CPU.ActiveCfg = Debug|Any CPU
		{91F22CA2-F95E-43BF-A471-02CB90FAF7BE}.Debug|Any CPU.Build.0 = Debug|Any CPU
		{91F22CA2-F95E-43BF-A471-02CB90FAF7BE}.Release|Any CPU.ActiveCfg = Release|Any CPU
		{91F22CA2-F95E-43BF-A471-02CB90FAF7BE}.Release|Any CPU.Build.0 = Release|Any CPU
	EndGlobalSection
	GlobalSection(SolutionProperties) = preSolution
		HideSolutionNode = FALSE
	EndGlobalSection
	GlobalSection(NestedProjects) = preSolution
		{175FEE97-45A8-4329-914D-6D821A8CC36F} = {59971521-FED4-4B6B-B761-D89B34C518C4}
		{FFC54F0F-E72C-42DB-A459-ABE79C0DAA73} = {59971521-FED4-4B6B-B761-D89B34C518C4}
		{91F22CA2-F95E-43BF-A471-02CB90FAF7BE} = {59971521-FED4-4B6B-B761-D89B34C518C4}
	EndGlobalSection
	GlobalSection(TestCaseManagementSettings) = postSolution
		CategoryFile = Glossary.vsmdi
	EndGlobalSection
EndGlobal
